
Microsoft Visual Studio Solution File, Format Version 12.00
# Visual Studio Version 17
VisualStudioVersion = 17.2.32616.157
MinimumVisualStudioVersion = 10.0.40219.1
Project("{FAE04EC0-301F-11D3-BF4B-00C04F79EFBC}") = "MCServerManager", "MCServerManager.csproj", "{9F0C9C93-D44D-48D3-BB15-75F057197904}"
EndProject
Global
	GlobalSection(SolutionConfigurationPlatforms) = preSolution
		Debug|Any CPU = Debug|Any CPU
		Release|Any CPU = Release|Any CPU
	EndGlobalSection
	GlobalSection(ProjectConfigurationPlatforms) = postSolution
		{9F0C9C93-D44D-48D3-BB15-75F057197904}.Debug|Any CPU.ActiveCfg = Debug|Any CPU
		{9F0C9C93-D44D-48D3-BB15-75F057197904}.Debug|Any CPU.Build.0 = Debug|Any CPU
		{9F0C9C93-D44D-48D3-BB15-75F057197904}.Release|Any CPU.ActiveCfg = Release|Any CPU
		{9F0C9C93-D44D-48D3-BB15-75F057197904}.Release|Any CPU.Build.0 = Release|Any CPU
	EndGlobalSection
	GlobalSection(SolutionProperties) = preSolution
		HideSolutionNode = FALSE
	EndGlobalSection
	GlobalSection(ExtensibilityGlobals) = postSolution
		SolutionGuid = {06AC66EE-1DCB-47F8-8328-E883DF9BE4FB}
	EndGlobalSection
EndGlobal
